
Microsoft Visual Studio Solution File, Format Version 12.00
# Visual Studio 15
VisualStudioVersion = 15.0.27130.2010
MinimumVisualStudioVersion = 10.0.40219.1
Project("{151D2E53-A2C4-4D7D-83FE-D05416EBD58E}") = "Deployment", "Deployment\Deployment.deployproj", "{F8642F97-BFC1-4C0E-8E0A-2E0FB28C3FB6}"
EndProject
Project("{FAE04EC0-301F-11D3-BF4B-00C04F79EFBC}") = "BlobStorageEventFunctionApp", "BlobStorageEventFunctionApp\BlobStorageEventFunctionApp.csproj", "{FE07B305-93AF-4C29-8122-126258C16D07}"
EndProject
Global
	GlobalSection(SolutionConfigurationPlatforms) = preSolution
		Debug|Any CPU = Debug|Any CPU
		Release|Any CPU = Release|Any CPU
	EndGlobalSection
	GlobalSection(ProjectConfigurationPlatforms) = postSolution
		{F8642F97-BFC1-4C0E-8E0A-2E0FB28C3FB6}.Debug|Any CPU.ActiveCfg = Debug|Any CPU
		{F8642F97-BFC1-4C0E-8E0A-2E0FB28C3FB6}.Debug|Any CPU.Build.0 = Debug|Any CPU
		{F8642F97-BFC1-4C0E-8E0A-2E0FB28C3FB6}.Release|Any CPU.ActiveCfg = Release|Any CPU
		{F8642F97-BFC1-4C0E-8E0A-2E0FB28C3FB6}.Release|Any CPU.Build.0 = Release|Any CPU
		{FE07B305-93AF-4C29-8122-126258C16D07}.Debug|Any CPU.ActiveCfg = Debug|Any CPU
		{FE07B305-93AF-4C29-8122-126258C16D07}.Debug|Any CPU.Build.0 = Debug|Any CPU
		{FE07B305-93AF-4C29-8122-126258C16D07}.Release|Any CPU.ActiveCfg = Release|Any CPU
		{FE07B305-93AF-4C29-8122-126258C16D07}.Release|Any CPU.Build.0 = Release|Any CPU
	EndGlobalSection
	GlobalSection(SolutionProperties) = preSolution
		HideSolutionNode = FALSE
	EndGlobalSection
	GlobalSection(ExtensibilityGlobals) = postSolution
		SolutionGuid = {E17D634E-158E-4F4B-82B1-7383A1E01FC5}
	EndGlobalSection
EndGlobal
